
Microsoft Visual Studio Solution File, Format Version 12.00
# Visual Studio 15
VisualStudioVersion = 15.0.26430.13
MinimumVisualStudioVersion = 10.0.40219.1
Project("{FAE04EC0-301F-11D3-BF4B-00C04F79EFBC}") = "Shortener.Web", "Shortener.Web\Shortener.Web.csproj", "{6E650343-E0A1-4364-A9D2-C9B01A6E3290}"
EndProject
Project("{FAE04EC0-301F-11D3-BF4B-00C04F79EFBC}") = "Shortener.Tests", "Shortener.Tests\Shortener.Tests.csproj", "{A69300ED-0308-4D78-9A72-ADA5D8A0EEE3}"
EndProject
Global
	GlobalSection(SolutionConfigurationPlatforms) = preSolution
		Debug|Any CPU = Debug|Any CPU
		Release|Any CPU = Release|Any CPU
	EndGlobalSection
	GlobalSection(ProjectConfigurationPlatforms) = postSolution
		{6E650343-E0A1-4364-A9D2-C9B01A6E3290}.Debug|Any CPU.ActiveCfg = Debug|Any CPU
		{6E650343-E0A1-4364-A9D2-C9B01A6E3290}.Debug|Any CPU.Build.0 = Debug|Any CPU
		{6E650343-E0A1-4364-A9D2-C9B01A6E3290}.Release|Any CPU.ActiveCfg = Release|Any CPU
		{6E650343-E0A1-4364-A9D2-C9B01A6E3290}.Release|Any CPU.Build.0 = Release|Any CPU
		{A69300ED-0308-4D78-9A72-ADA5D8A0EEE3}.Debug|Any CPU.ActiveCfg = Debug|Any CPU
		{A69300ED-0308-4D78-9A72-ADA5D8A0EEE3}.Debug|Any CPU.Build.0 = Debug|Any CPU
		{A69300ED-0308-4D78-9A72-ADA5D8A0EEE3}.Release|Any CPU.ActiveCfg = Release|Any CPU
		{A69300ED-0308-4D78-9A72-ADA5D8A0EEE3}.Release|Any CPU.Build.0 = Release|Any CPU
	EndGlobalSection
	GlobalSection(SolutionProperties) = preSolution
		HideSolutionNode = FALSE
	EndGlobalSection
	GlobalSection(ExtensibilityGlobals) = postSolution
		LessCompiler = 6e650343-e0a1-4364-a9d2-c9b01a6e3290
	EndGlobalSection
EndGlobal
